<?xml version="1.0" encoding="utf-8"?>
<Project ToolsVersion="4.0" xmlns="http://schemas.microsoft.com/developer/msbuild/2003">
  <ItemGroup>
    <Filter Include="Header Files">
      <UniqueIdentifier>{67DA6AB6-F800-4c08-8B7A-83BB121AAD01}</UniqueIdentifier>
      <Extensions>rc;ico;cur;bmp;dlg;rc2;rct;bin;rgs;gif;jpg;jpeg;jpe;resx;tiff;tif;png;wav;mfcribbon-ms</Extensions>
    </Filter>
    <Filter Include="Source Files">
      <UniqueIdentifier>{4FC737F1-C7A5-4376-A066-2A32D752A2FF}</UniqueIdentifier>
      <Extensions>cpp;c;cc;cxx;def;odl;idl;hpj;bat;asm;asmx</Extensions>
    </Filter>
  </ItemGroup>
  <ItemGroup>
    <ClInclude Include="..\avalon\AdGeneration.h">
      <Filter>Header Files</Filter>
    </ClInclude>
    <ClInclude Include="..\avalon\AdMob.h">
      <Filter>Header Files</Filter>
    </ClInclude>
    <ClInclude Include="..\avalon\Ads.h">
      <Filter>Header Files</Filter>
    </ClInclude>
    <ClInclude Include="..\avalon\AdsManager.h">
      <Filter>Header Files</Filter>
    </ClInclude>
    <ClInclude Include="..\avalon\Appirater.h">
      <Filter>Header Files</Filter>
    </ClInclude>
    <ClInclude Include="..\avalon\FacebookAds.h">
      <Filter>Header Files</Filter>
    </ClInclude>
    <ClInclude Include="..\avalon\Flurry.h">
      <Filter>Header Files</Filter>
    </ClInclude>
    <ClInclude Include="..\avalon\FlurryAds.h">
      <Filter>Header Files</Filter>
    </ClInclude>
    <ClInclude Include="..\avalon\Fuseboxx.h">
      <Filter>Header Files</Filter>
    </ClInclude>
    <ClInclude Include="..\avalon\GameCenter.h">
      <Filter>Header Files</Filter>
    </ClInclude>
    <ClInclude Include="..\avalon\GoogleAnalytics.h">
      <Filter>Header Files</Filter>
    </ClInclude>
    <ClInclude Include="..\avalon\iAd.h">
      <Filter>Header Files</Filter>
    </ClInclude>
    <ClInclude Include="..\avalon\MoPub.h">
      <Filter>Header Files</Filter>
    </ClInclude>
    <ClInclude Include="..\avalon\Notifications.h">
      <Filter>Header Files</Filter>
    </ClInclude>
    <ClInclude Include="..\avalon\payment.h">
      <Filter>Header Files</Filter>
    </ClInclude>
    <ClInclude Include="..\avalon\url.h">
      <Filter>Header Files</Filter>
    </ClInclude>
    <ClInclude Include="..\avalon\Vungle.h">
      <Filter>Header Files</Filter>
    </ClInclude>
    <ClInclude Include="..\avalon\WebView.h">
      <Filter>Header Files</Filter>
    </ClInclude>
    <ClInclude Include="..\avalon\Firebase.h">
      <Filter>Header Files</Filter>
    </ClInclude>
  </ItemGroup>
  <ItemGroup>
    <ClCompile Include="..\avalon\platform\windows\appirater\Appirater.cpp">
      <Filter>Source Files</Filter>
    </ClCompile>
    <ClCompile Include="..\avalon\platform\windows\gamecenter\GameCenter.cpp">
      <Filter>Source Files</Filter>
    </ClCompile>
    <ClCompile Include="..\avalon\platform\windows\googleanalytics\GoogleAnalytics.cpp">
      <Filter>Source Files</Filter>
    </ClCompile>
    <ClCompile Include="..\avalon\platform\windows\notifications\Notifications.cpp">
      <Filter>Source Files</Filter>
    </ClCompile>
    <ClCompile Include="..\avalon\platform\windows\payment\payment.cpp">
      <Filter>Source Files</Filter>
    </ClCompile>
    <ClCompile Include="..\avalon\platform\windows\ui\AlertNative.cpp">
      <Filter>Source Files</Filter>
    </ClCompile>
    <ClCompile Include="..\avalon\ads\AdsManager.cpp">
      <Filter>Source Files</Filter>
    </ClCompile>
    <ClCompile Include="..\avalon\platform\windows\systeminfo\SystemInfo.cpp">
      <Filter>Source Files</Filter>
    </ClCompile>
    <ClCompile Include="..\avalon\firebase\Firebase.cpp">
      <Filter>Source Files</Filter>
    </ClCompile>
  </ItemGroup>
</Project>